
Microsoft Visual Studio Solution File, Format Version 12.00
# Visual Studio 15
VisualStudioVersion = 15.0.28010.2050
MinimumVisualStudioVersion = 10.0.40219.1
Project("{FAE04EC0-301F-11D3-BF4B-00C04F79EFBC}") = "Review-ConditionalsLoopsCollections", "Review-ConditionalsLoopsCollections\Review-ConditionalsLoopsCollections.csproj", "{5A1D2DD9-07C9-4A96-A0F9-9D0B9045E0E8}"
EndProject
Project("{FAE04EC0-301F-11D3-BF4B-00C04F79EFBC}") = "ReviewMethods", "ReviewMethods\ReviewMethods.csproj", "{D85C883B-845F-47BF-BAF1-66ED0AD90C22}"
EndProject
Project("{FAE04EC0-301F-11D3-BF4B-00C04F79EFBC}") = "Classes", "Classes\Classes.csproj", "{BEC5A727-B2EF-4B13-8BD0-49DE9A444F91}"
EndProject
Project("{FAE04EC0-301F-11D3-BF4B-00C04F79EFBC}") = "WPF Example", "WPF Example\WPF Example.csproj", "{A3F100A0-E1D0-44BA-ACA5-BA1863A213EF}"
EndProject
Project("{FAE04EC0-301F-11D3-BF4B-00C04F79EFBC}") = "WPF-Student", "WPF-Student\WPF-Student.csproj", "{034F6C7B-4367-4287-95E5-6D6E34DED375}"
EndProject
Global
	GlobalSection(SolutionConfigurationPlatforms) = preSolution
		Debug|Any CPU = Debug|Any CPU
		Release|Any CPU = Release|Any CPU
	EndGlobalSection
	GlobalSection(ProjectConfigurationPlatforms) = postSolution
		{5A1D2DD9-07C9-4A96-A0F9-9D0B9045E0E8}.Debug|Any CPU.ActiveCfg = Debug|Any CPU
		{5A1D2DD9-07C9-4A96-A0F9-9D0B9045E0E8}.Debug|Any CPU.Build.0 = Debug|Any CPU
		{5A1D2DD9-07C9-4A96-A0F9-9D0B9045E0E8}.Release|Any CPU.ActiveCfg = Release|Any CPU
		{5A1D2DD9-07C9-4A96-A0F9-9D0B9045E0E8}.Release|Any CPU.Build.0 = Release|Any CPU
		{D85C883B-845F-47BF-BAF1-66ED0AD90C22}.Debug|Any CPU.ActiveCfg = Debug|Any CPU
		{D85C883B-845F-47BF-BAF1-66ED0AD90C22}.Debug|Any CPU.Build.0 = Debug|Any CPU
		{D85C883B-845F-47BF-BAF1-66ED0AD90C22}.Release|Any CPU.ActiveCfg = Release|Any CPU
		{D85C883B-845F-47BF-BAF1-66ED0AD90C22}.Release|Any CPU.Build.0 = Release|Any CPU
		{BEC5A727-B2EF-4B13-8BD0-49DE9A444F91}.Debug|Any CPU.ActiveCfg = Debug|Any CPU
		{BEC5A727-B2EF-4B13-8BD0-49DE9A444F91}.Debug|Any CPU.Build.0 = Debug|Any CPU
		{BEC5A727-B2EF-4B13-8BD0-49DE9A444F91}.Release|Any CPU.ActiveCfg = Release|Any CPU
		{BEC5A727-B2EF-4B13-8BD0-49DE9A444F91}.Release|Any CPU.Build.0 = Release|Any CPU
		{A3F100A0-E1D0-44BA-ACA5-BA1863A213EF}.Debug|Any CPU.ActiveCfg = Debug|Any CPU
		{A3F100A0-E1D0-44BA-ACA5-BA1863A213EF}.Debug|Any CPU.Build.0 = Debug|Any CPU
		{A3F100A0-E1D0-44BA-ACA5-BA1863A213EF}.Release|Any CPU.ActiveCfg = Release|Any CPU
		{A3F100A0-E1D0-44BA-ACA5-BA1863A213EF}.Release|Any CPU.Build.0 = Release|Any CPU
		{034F6C7B-4367-4287-95E5-6D6E34DED375}.Debug|Any CPU.ActiveCfg = Debug|Any CPU
		{034F6C7B-4367-4287-95E5-6D6E34DED375}.Debug|Any CPU.Build.0 = Debug|Any CPU
		{034F6C7B-4367-4287-95E5-6D6E34DED375}.Release|Any CPU.ActiveCfg = Release|Any CPU
		{034F6C7B-4367-4287-95E5-6D6E34DED375}.Release|Any CPU.Build.0 = Release|Any CPU
	EndGlobalSection
	GlobalSection(SolutionProperties) = preSolution
		HideSolutionNode = FALSE
	EndGlobalSection
	GlobalSection(ExtensibilityGlobals) = postSolution
		SolutionGuid = {9FA39791-C938-4403-9986-0EA1C5392DB2}
	EndGlobalSection
EndGlobal
